
Microsoft Visual Studio Solution File, Format Version 12.00
# Visual Studio Version 16
VisualStudioVersion = 16.0.32510.428
MinimumVisualStudioVersion = 10.0.40219.1
Project("{FAE04EC0-301F-11D3-BF4B-00C04F79EFBC}") = "WebApiLoyMark", "WebApiLoyMark\WebApiLoyMark.csproj", "{F3B54245-B591-49DF-B8F7-2E04B4AE53B9}"
EndProject
Global
	GlobalSection(SolutionConfigurationPlatforms) = preSolution
		Debug|Any CPU = Debug|Any CPU
		Release|Any CPU = Release|Any CPU
	EndGlobalSection
	GlobalSection(ProjectConfigurationPlatforms) = postSolution
		{F3B54245-B591-49DF-B8F7-2E04B4AE53B9}.Debug|Any CPU.ActiveCfg = Debug|Any CPU
		{F3B54245-B591-49DF-B8F7-2E04B4AE53B9}.Debug|Any CPU.Build.0 = Debug|Any CPU
		{F3B54245-B591-49DF-B8F7-2E04B4AE53B9}.Release|Any CPU.ActiveCfg = Release|Any CPU
		{F3B54245-B591-49DF-B8F7-2E04B4AE53B9}.Release|Any CPU.Build.0 = Release|Any CPU
	EndGlobalSection
	GlobalSection(SolutionProperties) = preSolution
		HideSolutionNode = FALSE
	EndGlobalSection
	GlobalSection(ExtensibilityGlobals) = postSolution
		SolutionGuid = {6C4AE336-40BF-487F-AC43-5766AA940C4D}
	EndGlobalSection
EndGlobal
